
Microsoft Visual Studio Solution File, Format Version 12.00
# Visual Studio Version 17
VisualStudioVersion = 17.4.33403.182
MinimumVisualStudioVersion = 10.0.40219.1
Project("{FAE04EC0-301F-11D3-BF4B-00C04F79EFBC}") = "OnlineFoodApp.Android", "OnlineFoodApp\OnlineFoodApp.Android\OnlineFoodApp.Android.csproj", "{3D0EC6B2-3451-4098-85FD-46EB0BFA003F}"
EndProject
Project("{FAE04EC0-301F-11D3-BF4B-00C04F79EFBC}") = "OnlineFoodApp.iOS", "OnlineFoodApp\OnlineFoodApp.iOS\OnlineFoodApp.iOS.csproj", "{352902E6-ACC0-440D-9889-C69DE451C109}"
EndProject
Project("{9A19103F-16F7-4668-BE54-9A1E7A4F7556}") = "OnlineFoodApp", "OnlineFoodApp\OnlineFoodApp\OnlineFoodApp.csproj", "{0456D967-EE0F-4FD7-A679-BC28AEF08F4E}"
EndProject
Project("{FAE04EC0-301F-11D3-BF4B-00C04F79EFBC}") = "FoodAppTestProject", "FoodAppTestProject\FoodAppTestProject.csproj", "{B0A20406-C37D-457F-82AE-9DBB4C3D60C8}"
EndProject
Global
	GlobalSection(SolutionConfigurationPlatforms) = preSolution
		Debug|Any CPU = Debug|Any CPU
		Debug|iPhone = Debug|iPhone
		Debug|iPhoneSimulator = Debug|iPhoneSimulator
		Release|Any CPU = Release|Any CPU
		Release|iPhone = Release|iPhone
		Release|iPhoneSimulator = Release|iPhoneSimulator
	EndGlobalSection
	GlobalSection(ProjectConfigurationPlatforms) = postSolution
		{3D0EC6B2-3451-4098-85FD-46EB0BFA003F}.Debug|Any CPU.ActiveCfg = Debug|Any CPU
		{3D0EC6B2-3451-4098-85FD-46EB0BFA003F}.Debug|Any CPU.Build.0 = Debug|Any CPU
		{3D0EC6B2-3451-4098-85FD-46EB0BFA003F}.Debug|Any CPU.Deploy.0 = Debug|Any CPU
		{3D0EC6B2-3451-4098-85FD-46EB0BFA003F}.Debug|iPhone.ActiveCfg = Debug|Any CPU
		{3D0EC6B2-3451-4098-85FD-46EB0BFA003F}.Debug|iPhone.Build.0 = Debug|Any CPU
		{3D0EC6B2-3451-4098-85FD-46EB0BFA003F}.Debug|iPhone.Deploy.0 = Debug|Any CPU
		{3D0EC6B2-3451-4098-85FD-46EB0BFA003F}.Debug|iPhoneSimulator.ActiveCfg = Debug|Any CPU
		{3D0EC6B2-3451-4098-85FD-46EB0BFA003F}.Debug|iPhoneSimulator.Build.0 = Debug|Any CPU
		{3D0EC6B2-3451-4098-85FD-46EB0BFA003F}.Debug|iPhoneSimulator.Deploy.0 = Debug|Any CPU
		{3D0EC6B2-3451-4098-85FD-46EB0BFA003F}.Release|Any CPU.ActiveCfg = Release|Any CPU
		{3D0EC6B2-3451-4098-85FD-46EB0BFA003F}.Release|Any CPU.Build.0 = Release|Any CPU
		{3D0EC6B2-3451-4098-85FD-46EB0BFA003F}.Release|Any CPU.Deploy.0 = Release|Any CPU
		{3D0EC6B2-3451-4098-85FD-46EB0BFA003F}.Release|iPhone.ActiveCfg = Release|Any CPU
		{3D0EC6B2-3451-4098-85FD-46EB0BFA003F}.Release|iPhone.Build.0 = Release|Any CPU
		{3D0EC6B2-3451-4098-85FD-46EB0BFA003F}.Release|iPhone.Deploy.0 = Release|Any CPU
		{3D0EC6B2-3451-4098-85FD-46EB0BFA003F}.Release|iPhoneSimulator.ActiveCfg = Release|Any CPU
		{3D0EC6B2-3451-4098-85FD-46EB0BFA003F}.Release|iPhoneSimulator.Build.0 = Release|Any CPU
		{3D0EC6B2-3451-4098-85FD-46EB0BFA003F}.Release|iPhoneSimulator.Deploy.0 = Release|Any CPU
		{352902E6-ACC0-440D-9889-C69DE451C109}.Debug|Any CPU.ActiveCfg = Debug|iPhone
		{352902E6-ACC0-440D-9889-C69DE451C109}.Debug|Any CPU.Build.0 = Debug|iPhone
		{352902E6-ACC0-440D-9889-C69DE451C109}.Debug|Any CPU.Deploy.0 = Debug|iPhone
		{352902E6-ACC0-440D-9889-C69DE451C109}.Debug|iPhone.ActiveCfg = Debug|iPhone
		{352902E6-ACC0-440D-9889-C69DE451C109}.Debug|iPhone.Build.0 = Debug|iPhone
		{352902E6-ACC0-440D-9889-C69DE451C109}.Debug|iPhone.Deploy.0 = Debug|iPhone
		{352902E6-ACC0-440D-9889-C69DE451C109}.Debug|iPhoneSimulator.ActiveCfg = Debug|iPhoneSimulator
		{352902E6-ACC0-440D-9889-C69DE451C109}.Debug|iPhoneSimulator.Build.0 = Debug|iPhoneSimulator
		{352902E6-ACC0-440D-9889-C69DE451C109}.Debug|iPhoneSimulator.Deploy.0 = Debug|iPhoneSimulator
		{352902E6-ACC0-440D-9889-C69DE451C109}.Release|Any CPU.ActiveCfg = Release|iPhoneSimulator
		{352902E6-ACC0-440D-9889-C69DE451C109}.Release|Any CPU.Build.0 = Release|iPhoneSimulator
		{352902E6-ACC0-440D-9889-C69DE451C109}.Release|Any CPU.Deploy.0 = Release|iPhoneSimulator
		{352902E6-ACC0-440D-9889-C69DE451C109}.Release|iPhone.ActiveCfg = Release|iPhone
		{352902E6-ACC0-440D-9889-C69DE451C109}.Release|iPhone.Build.0 = Release|iPhone
		{352902E6-ACC0-440D-9889-C69DE451C109}.Release|iPhone.Deploy.0 = Release|iPhone
		{352902E6-ACC0-440D-9889-C69DE451C109}.Release|iPhoneSimulator.ActiveCfg = Release|iPhoneSimulator
		{352902E6-ACC0-440D-9889-C69DE451C109}.Release|iPhoneSimulator.Build.0 = Release|iPhoneSimulator
		{352902E6-ACC0-440D-9889-C69DE451C109}.Release|iPhoneSimulator.Deploy.0 = Release|iPhoneSimulator
		{0456D967-EE0F-4FD7-A679-BC28AEF08F4E}.Debug|Any CPU.ActiveCfg = Debug|Any CPU
		{0456D967-EE0F-4FD7-A679-BC28AEF08F4E}.Debug|Any CPU.Build.0 = Debug|Any CPU
		{0456D967-EE0F-4FD7-A679-BC28AEF08F4E}.Debug|Any CPU.Deploy.0 = Debug|Any CPU
		{0456D967-EE0F-4FD7-A679-BC28AEF08F4E}.Debug|iPhone.ActiveCfg = Debug|Any CPU
		{0456D967-EE0F-4FD7-A679-BC28AEF08F4E}.Debug|iPhone.Build.0 = Debug|Any CPU
		{0456D967-EE0F-4FD7-A679-BC28AEF08F4E}.Debug|iPhone.Deploy.0 = Debug|Any CPU
		{0456D967-EE0F-4FD7-A679-BC28AEF08F4E}.Debug|iPhoneSimulator.ActiveCfg = Debug|Any CPU
		{0456D967-EE0F-4FD7-A679-BC28AEF08F4E}.Debug|iPhoneSimulator.Build.0 = Debug|Any CPU
		{0456D967-EE0F-4FD7-A679-BC28AEF08F4E}.Debug|iPhoneSimulator.Deploy.0 = Debug|Any CPU
		{0456D967-EE0F-4FD7-A679-BC28AEF08F4E}.Release|Any CPU.ActiveCfg = Release|Any CPU
		{0456D967-EE0F-4FD7-A679-BC28AEF08F4E}.Release|Any CPU.Build.0 = Release|Any CPU
		{0456D967-EE0F-4FD7-A679-BC28AEF08F4E}.Release|Any CPU.Deploy.0 = Release|Any CPU
		{0456D967-EE0F-4FD7-A679-BC28AEF08F4E}.Release|iPhone.ActiveCfg = Release|Any CPU
		{0456D967-EE0F-4FD7-A679-BC28AEF08F4E}.Release|iPhone.Build.0 = Release|Any CPU
		{0456D967-EE0F-4FD7-A679-BC28AEF08F4E}.Release|iPhone.Deploy.0 = Release|Any CPU
		{0456D967-EE0F-4FD7-A679-BC28AEF08F4E}.Release|iPhoneSimulator.ActiveCfg = Release|Any CPU
		{0456D967-EE0F-4FD7-A679-BC28AEF08F4E}.Release|iPhoneSimulator.Build.0 = Release|Any CPU
		{0456D967-EE0F-4FD7-A679-BC28AEF08F4E}.Release|iPhoneSimulator.Deploy.0 = Release|Any CPU
		{B0A20406-C37D-457F-82AE-9DBB4C3D60C8}.Debug|Any CPU.ActiveCfg = Debug|Any CPU
		{B0A20406-C37D-457F-82AE-9DBB4C3D60C8}.Debug|Any CPU.Build.0 = Debug|Any CPU
		{B0A20406-C37D-457F-82AE-9DBB4C3D60C8}.Debug|iPhone.ActiveCfg = Debug|Any CPU
		{B0A20406-C37D-457F-82AE-9DBB4C3D60C8}.Debug|iPhone.Build.0 = Debug|Any CPU
		{B0A20406-C37D-457F-82AE-9DBB4C3D60C8}.Debug|iPhoneSimulator.ActiveCfg = Debug|Any CPU
		{B0A20406-C37D-457F-82AE-9DBB4C3D60C8}.Debug|iPhoneSimulator.Build.0 = Debug|Any CPU
		{B0A20406-C37D-457F-82AE-9DBB4C3D60C8}.Release|Any CPU.ActiveCfg = Release|Any CPU
		{B0A20406-C37D-457F-82AE-9DBB4C3D60C8}.Release|Any CPU.Build.0 = Release|Any CPU
		{B0A20406-C37D-457F-82AE-9DBB4C3D60C8}.Release|iPhone.ActiveCfg = Release|Any CPU
		{B0A20406-C37D-457F-82AE-9DBB4C3D60C8}.Release|iPhone.Build.0 = Release|Any CPU
		{B0A20406-C37D-457F-82AE-9DBB4C3D60C8}.Release|iPhoneSimulator.ActiveCfg = Release|Any CPU
		{B0A20406-C37D-457F-82AE-9DBB4C3D60C8}.Release|iPhoneSimulator.Build.0 = Release|Any CPU
	EndGlobalSection
	GlobalSection(SolutionProperties) = preSolution
		HideSolutionNode = FALSE
	EndGlobalSection
	GlobalSection(ExtensibilityGlobals) = postSolution
		SolutionGuid = {D66156F2-C0A6-48B5-B8B6-C190570DEC43}
	EndGlobalSection
EndGlobal
